
Microsoft Visual Studio Solution File, Format Version 12.00
Project("{FAE04EC0-301F-11D3-BF4B-00C04F79EFBC}") = "Bulwark.Auth.Admin.Captain", "src\Bulwark.Auth.Admin.Captain\Bulwark.Auth.Admin.Captain.csproj", "{65A54625-F78D-42DB-98F6-68ACECF2A4BB}"
EndProject
Project("{FAE04EC0-301F-11D3-BF4B-00C04F79EFBC}") = "Bulwark.Auth.Admin.Captain.Tests", "tests\Bulwark.Auth.Admin.Captain.Tests\Bulwark.Auth.Admin.Captain.Tests.csproj", "{D0CE7EBD-ADA3-4E21-97D4-FC5927E3DEAF}"
EndProject
Project("{2150E333-8FDC-42A3-9474-1A3956D46DE8}") = "src", "src", "{F2E8245D-1A38-4FC4-BB5A-8281CDB58747}"
EndProject
Project("{2150E333-8FDC-42A3-9474-1A3956D46DE8}") = "tests", "tests", "{112F48BC-93C6-41EB-9642-0062DD889117}"
EndProject
Project("{2150E333-8FDC-42A3-9474-1A3956D46DE8}") = "Solution items", "Solution items", "{C51D7C32-0066-44C2-A561-74DB07820DC1}"
	ProjectSection(SolutionItems) = preProject
		README.md = README.md
		docker-compose.yaml = docker-compose.yaml
		updateVersion.sh = updateVersion.sh
		.releaserc = .releaserc
		.env = .env
	EndProjectSection
EndProject
Project("{2150E333-8FDC-42A3-9474-1A3956D46DE8}") = ".github", ".github", "{DE0EE893-638E-48D7-A4FF-6E9FFB74D29B}"
EndProject
Project("{2150E333-8FDC-42A3-9474-1A3956D46DE8}") = "workflows", "workflows", "{43913638-0FA2-4D65-BA81-1155EC2D58EC}"
	ProjectSection(SolutionItems) = preProject
		.github\workflows\tests.yaml = .github\workflows\tests.yaml
		.github\workflows\release.yaml = .github\workflows\release.yaml
	EndProjectSection
EndProject
Global
	GlobalSection(SolutionConfigurationPlatforms) = preSolution
		Debug|Any CPU = Debug|Any CPU
		Release|Any CPU = Release|Any CPU
	EndGlobalSection
	GlobalSection(ProjectConfigurationPlatforms) = postSolution
		{65A54625-F78D-42DB-98F6-68ACECF2A4BB}.Debug|Any CPU.ActiveCfg = Debug|Any CPU
		{65A54625-F78D-42DB-98F6-68ACECF2A4BB}.Debug|Any CPU.Build.0 = Debug|Any CPU
		{65A54625-F78D-42DB-98F6-68ACECF2A4BB}.Release|Any CPU.ActiveCfg = Release|Any CPU
		{65A54625-F78D-42DB-98F6-68ACECF2A4BB}.Release|Any CPU.Build.0 = Release|Any CPU
		{D0CE7EBD-ADA3-4E21-97D4-FC5927E3DEAF}.Debug|Any CPU.ActiveCfg = Debug|Any CPU
		{D0CE7EBD-ADA3-4E21-97D4-FC5927E3DEAF}.Debug|Any CPU.Build.0 = Debug|Any CPU
		{D0CE7EBD-ADA3-4E21-97D4-FC5927E3DEAF}.Release|Any CPU.ActiveCfg = Release|Any CPU
		{D0CE7EBD-ADA3-4E21-97D4-FC5927E3DEAF}.Release|Any CPU.Build.0 = Release|Any CPU
	EndGlobalSection
	GlobalSection(NestedProjects) = preSolution
		{65A54625-F78D-42DB-98F6-68ACECF2A4BB} = {F2E8245D-1A38-4FC4-BB5A-8281CDB58747}
		{D0CE7EBD-ADA3-4E21-97D4-FC5927E3DEAF} = {112F48BC-93C6-41EB-9642-0062DD889117}
		{DE0EE893-638E-48D7-A4FF-6E9FFB74D29B} = {C51D7C32-0066-44C2-A561-74DB07820DC1}
		{43913638-0FA2-4D65-BA81-1155EC2D58EC} = {DE0EE893-638E-48D7-A4FF-6E9FFB74D29B}
	EndGlobalSection
EndGlobal
